
Microsoft Visual Studio Solution File, Format Version 12.00
# Visual Studio 2012
Project("{8BC9CEB8-8B4A-11D0-8D11-00A0C91BC942}") = "d3d9", "SplitSecondMod\SplitSecondMod.vcxproj", "{99B16D01-C0C9-47E0-98C5-0AD741118456}"
EndProject
Global
	GlobalSection(SolutionConfigurationPlatforms) = preSolution
		Debug|Win32 = Debug|Win32
		Release|Win32 = Release|Win32
	EndGlobalSection
	GlobalSection(ProjectConfigurationPlatforms) = postSolution
		{99B16D01-C0C9-47E0-98C5-0AD741118456}.Debug|Win32.ActiveCfg = Debug|Win32
		{99B16D01-C0C9-47E0-98C5-0AD741118456}.Debug|Win32.Build.0 = Debug|Win32
		{99B16D01-C0C9-47E0-98C5-0AD741118456}.Release|Win32.ActiveCfg = Release|Win32
		{99B16D01-C0C9-47E0-98C5-0AD741118456}.Release|Win32.Build.0 = Release|Win32
	EndGlobalSection
	GlobalSection(SolutionProperties) = preSolution
		HideSolutionNode = FALSE
	EndGlobalSection
EndGlobal
